
Microsoft Visual Studio Solution File, Format Version 12.00
# Visual Studio Version 17
VisualStudioVersion = 17.0.32112.339
MinimumVisualStudioVersion = 10.0.40219.1
Project("{9A19103F-16F7-4668-BE54-9A1E7A4F7556}") = "Soft", "Soft\Soft.csproj", "{398696B7-F9C9-4FE9-81B0-9272FA71EC83}"
EndProject
Project("{FAE04EC0-301F-11D3-BF4B-00C04F79EFBC}") = "Aids", "Aids\Aids.csproj", "{AB452B2C-8797-4DFF-8904-B38DA47E7D2E}"
EndProject
Project("{FAE04EC0-301F-11D3-BF4B-00C04F79EFBC}") = "Core", "Core\Core.csproj", "{E83745A5-612E-43A7-B01A-1A8C4F4AD3AD}"
EndProject
Project("{FAE04EC0-301F-11D3-BF4B-00C04F79EFBC}") = "Data", "Data\Data.csproj", "{AD3FA14A-42BB-4367-AD2B-2E96C89AD13F}"
EndProject
Project("{FAE04EC0-301F-11D3-BF4B-00C04F79EFBC}") = "Domain", "Domain\Domain.csproj", "{F55C3409-0D81-4BFC-8232-326208B91684}"
EndProject
Project("{FAE04EC0-301F-11D3-BF4B-00C04F79EFBC}") = "Facade", "Facade\Facade.csproj", "{2F554180-3A50-434F-832C-9D1F982B6846}"
EndProject
Project("{FAE04EC0-301F-11D3-BF4B-00C04F79EFBC}") = "Infra", "Infra\Infra.csproj", "{D82479BC-34A1-40CB-9BC9-D9484037A1E9}"
EndProject
Project("{FAE04EC0-301F-11D3-BF4B-00C04F79EFBC}") = "Pages", "Pages\Pages.csproj", "{9545616A-A80C-43C3-9721-8B8C6BB7ACD9}"
EndProject
Project("{FAE04EC0-301F-11D3-BF4B-00C04F79EFBC}") = "Tests", "Tests\Tests.csproj", "{0276EB75-CF18-4400-85A9-63F45B3EE5E2}"
EndProject
Global
	GlobalSection(SolutionConfigurationPlatforms) = preSolution
		Debug|Any CPU = Debug|Any CPU
		Release|Any CPU = Release|Any CPU
	EndGlobalSection
	GlobalSection(ProjectConfigurationPlatforms) = postSolution
		{398696B7-F9C9-4FE9-81B0-9272FA71EC83}.Debug|Any CPU.ActiveCfg = Debug|Any CPU
		{398696B7-F9C9-4FE9-81B0-9272FA71EC83}.Debug|Any CPU.Build.0 = Debug|Any CPU
		{398696B7-F9C9-4FE9-81B0-9272FA71EC83}.Release|Any CPU.ActiveCfg = Release|Any CPU
		{398696B7-F9C9-4FE9-81B0-9272FA71EC83}.Release|Any CPU.Build.0 = Release|Any CPU
		{AB452B2C-8797-4DFF-8904-B38DA47E7D2E}.Debug|Any CPU.ActiveCfg = Debug|Any CPU
		{AB452B2C-8797-4DFF-8904-B38DA47E7D2E}.Debug|Any CPU.Build.0 = Debug|Any CPU
		{AB452B2C-8797-4DFF-8904-B38DA47E7D2E}.Release|Any CPU.ActiveCfg = Release|Any CPU
		{AB452B2C-8797-4DFF-8904-B38DA47E7D2E}.Release|Any CPU.Build.0 = Release|Any CPU
		{E83745A5-612E-43A7-B01A-1A8C4F4AD3AD}.Debug|Any CPU.ActiveCfg = Debug|Any CPU
		{E83745A5-612E-43A7-B01A-1A8C4F4AD3AD}.Debug|Any CPU.Build.0 = Debug|Any CPU
		{E83745A5-612E-43A7-B01A-1A8C4F4AD3AD}.Release|Any CPU.ActiveCfg = Release|Any CPU
		{E83745A5-612E-43A7-B01A-1A8C4F4AD3AD}.Release|Any CPU.Build.0 = Release|Any CPU
		{AD3FA14A-42BB-4367-AD2B-2E96C89AD13F}.Debug|Any CPU.ActiveCfg = Debug|Any CPU
		{AD3FA14A-42BB-4367-AD2B-2E96C89AD13F}.Debug|Any CPU.Build.0 = Debug|Any CPU
		{AD3FA14A-42BB-4367-AD2B-2E96C89AD13F}.Release|Any CPU.ActiveCfg = Release|Any CPU
		{AD3FA14A-42BB-4367-AD2B-2E96C89AD13F}.Release|Any CPU.Build.0 = Release|Any CPU
		{F55C3409-0D81-4BFC-8232-326208B91684}.Debug|Any CPU.ActiveCfg = Debug|Any CPU
		{F55C3409-0D81-4BFC-8232-326208B91684}.Debug|Any CPU.Build.0 = Debug|Any CPU
		{F55C3409-0D81-4BFC-8232-326208B91684}.Release|Any CPU.ActiveCfg = Release|Any CPU
		{F55C3409-0D81-4BFC-8232-326208B91684}.Release|Any CPU.Build.0 = Release|Any CPU
		{2F554180-3A50-434F-832C-9D1F982B6846}.Debug|Any CPU.ActiveCfg = Debug|Any CPU
		{2F554180-3A50-434F-832C-9D1F982B6846}.Debug|Any CPU.Build.0 = Debug|Any CPU
		{2F554180-3A50-434F-832C-9D1F982B6846}.Release|Any CPU.ActiveCfg = Release|Any CPU
		{2F554180-3A50-434F-832C-9D1F982B6846}.Release|Any CPU.Build.0 = Release|Any CPU
		{D82479BC-34A1-40CB-9BC9-D9484037A1E9}.Debug|Any CPU.ActiveCfg = Debug|Any CPU
		{D82479BC-34A1-40CB-9BC9-D9484037A1E9}.Debug|Any CPU.Build.0 = Debug|Any CPU
		{D82479BC-34A1-40CB-9BC9-D9484037A1E9}.Release|Any CPU.ActiveCfg = Release|Any CPU
		{D82479BC-34A1-40CB-9BC9-D9484037A1E9}.Release|Any CPU.Build.0 = Release|Any CPU
		{9545616A-A80C-43C3-9721-8B8C6BB7ACD9}.Debug|Any CPU.ActiveCfg = Debug|Any CPU
		{9545616A-A80C-43C3-9721-8B8C6BB7ACD9}.Debug|Any CPU.Build.0 = Debug|Any CPU
		{9545616A-A80C-43C3-9721-8B8C6BB7ACD9}.Release|Any CPU.ActiveCfg = Release|Any CPU
		{9545616A-A80C-43C3-9721-8B8C6BB7ACD9}.Release|Any CPU.Build.0 = Release|Any CPU
		{0276EB75-CF18-4400-85A9-63F45B3EE5E2}.Debug|Any CPU.ActiveCfg = Debug|Any CPU
		{0276EB75-CF18-4400-85A9-63F45B3EE5E2}.Debug|Any CPU.Build.0 = Debug|Any CPU
		{0276EB75-CF18-4400-85A9-63F45B3EE5E2}.Release|Any CPU.ActiveCfg = Release|Any CPU
		{0276EB75-CF18-4400-85A9-63F45B3EE5E2}.Release|Any CPU.Build.0 = Release|Any CPU
	EndGlobalSection
	GlobalSection(SolutionProperties) = preSolution
		HideSolutionNode = FALSE
	EndGlobalSection
	GlobalSection(ExtensibilityGlobals) = postSolution
		SolutionGuid = {8A99D847-B5D3-4A55-B01E-FA95FEA69294}
	EndGlobalSection
EndGlobal
